{
  "requires": true,
  "lockfileVersion": 1,
  "dependencies": {
    "mitt": {
      "version": "1.2.0",
      "resolved": "https://registry.npmjs.org/mitt/-/mitt-1.2.0.tgz",
      "integrity": "sha512-r6lj77KlwqLhIUku9UWYes7KJtsczvolZkzp8hbaDPPaE24OmWl5s539Mytlj22siEQKosZ26qCBgda2PKwoJw=="
    },
    "popper.js": {
      "version": "1.16.0",
      "resolved": "https://registry.npmjs.org/popper.js/-/popper.js-1.16.0.tgz",
      "integrity": "sha512-+G+EkOPoE5S/zChTpmBSSDYmhXJ5PsW8eMhH8cP/CQHMFPBG/kC9Y5IIw6qNYgdJ+/COf0ddY2li28iHaZRSjw=="
    }
  }
}
